// !$*UTF8*$!
{
	archiveVersion = 1;
	classes = {
	};
	objectVersion = 48;
	objects = {

/* Begin PBXBuildFile section */
		04028E72205CD5E60007B96C /* Ramp.swift in Sources */ = {isa = PBXBuildFile; fileRef = 04028E71205CD5E60007B96C /* Ramp.swift */; };
		041E2884205A967700C7FDF5 /* AppDelegate.swift in Sources */ = {isa = PBXBuildFile; fileRef = 041E2883205A967700C7FDF5 /* AppDelegate.swift */; };
		041E2886205A967700C7FDF5 /* art.scnassets in Resources */ = {isa = PBXBuildFile; fileRef = 041E2885205A967700C7FDF5 /* art.scnassets */; };
		041E2888205A967700C7FDF5 /* RampPlacerVC.swift in Sources */ = {isa = PBXBuildFile; fileRef = 041E2887205A967700C7FDF5 /* RampPlacerVC.swift */; };
		041E288B205A967700C7FDF5 /* Main.storyboard in Resources */ = {isa = PBXBuildFile; fileRef = 041E2889205A967700C7FDF5 /* Main.storyboard */; };
		041E288D205A967700C7FDF5 /* Assets.xcassets in Resources */ = {isa = PBXBuildFile; fileRef = 041E288C205A967700C7FDF5 /* Assets.xcassets */; };
		041E2890205A967700C7FDF5 /* LaunchScreen.storyboard in Resources */ = {isa = PBXBuildFile; fileRef = 041E288E205A967700C7FDF5 /* LaunchScreen.storyboard */; };
		04F26FFB205BD3EC00AE42B3 /* RampPickerVC.swift in Sources */ = {isa = PBXBuildFile; fileRef = 04F26FFA205BD3EC00AE42B3 /* RampPickerVC.swift */; };
/* End PBXBuildFile section */

/* Begin PBXFileReference section */
		04028E71205CD5E60007B96C /* Ramp.swift */ = {isa = PBXFileReference; lastKnownFileType = sourcecode.swift; path = Ramp.swift; sourceTree = "<group>"; };
		041E2880205A967700C7FDF5 /* ramp-up.app */ = {isa = PBXFileReference; explicitFileType = wrapper.application; includeInIndex = 0; path = "ramp-up.app"; sourceTree = BUILT_PRODUCTS_DIR; };
		041E2883205A967700C7FDF5 /* AppDelegate.swift */ = {isa = PBXFileReference; lastKnownFileType = sourcecode.swift; path = AppDelegate.swift; sourceTree = "<group>"; };
		041E2885205A967700C7FDF5 /* art.scnassets */ = {isa = PBXFileReference; lastKnownFileType = wrapper.scnassets; path = art.scnassets; sourceTree = "<group>"; };
		041E2887205A967700C7FDF5 /* RampPlacerVC.swift */ = {isa = PBXFileReference; lastKnownFileType = sourcecode.swift; path = RampPlacerVC.swift; sourceTree = "<group>"; };
		041E288A205A967700C7FDF5 /* Base */ = {isa = PBXFileReference; lastKnownFileType = file.storyboard; name = Base; path = Base.lproj/Main.storyboard; sourceTree = "<group>"; };
		041E288C205A967700C7FDF5 /* Assets.xcassets */ = {isa = PBXFileReference; lastKnownFileType = folder.assetcatalog; path = Assets.xcassets; sourceTree = "<group>"; };
		041E288F205A967700C7FDF5 /* Base */ = {isa = PBXFileReference; lastKnownFileType = file.storyboard; name = Base; path = Base.lproj/LaunchScreen.storyboard; sourceTree = "<group>"; };
		041E2891205A967700C7FDF5 /* Info.plist */ = {isa = PBXFileReference; lastKnownFileType = text.plist.xml; path = Info.plist; sourceTree = "<group>"; };
		04F26FFA205BD3EC00AE42B3 /* RampPickerVC.swift */ = {isa = PBXFileReference; lastKnownFileType = sourcecode.swift; path = RampPickerVC.swift; sourceTree = "<group>"; };
/* End PBXFileReference section */

/* Begin PBXFrameworksBuildPhase section */
		041E287D205A967700C7FDF5 /* Frameworks */ = {
			isa = PBXFrameworksBuildPhase;
			buildActionMask = 2147483647;
			files = (
			);
			runOnlyForDeploymentPostprocessing = 0;
		};
/* End PBXFrameworksBuildPhase section */

/* Begin PBXGroup section */
		04028E70205CD5CB0007B96C /* Model */ = {
			isa = PBXGroup;
			children = (
				04028E71205CD5E60007B96C /* Ramp.swift */,
			);
			path = Model;
			sourceTree = "<group>";
		};
		041E2877205A967700C7FDF5 = {
			isa = PBXGroup;
			children = (
				041E2882205A967700C7FDF5 /* ramp-up */,
				041E2881205A967700C7FDF5 /* Products */,
			);
			sourceTree = "<group>";
		};
		041E2881205A967700C7FDF5 /* Products */ = {
			isa = PBXGroup;
			children = (
				041E2880205A967700C7FDF5 /* ramp-up.app */,
			);
			name = Products;
			sourceTree = "<group>";
		};
		041E2882205A967700C7FDF5 /* ramp-up */ = {
			isa = PBXGroup;
			children = (
				04028E70205CD5CB0007B96C /* Model */,
				041E2897205A98C100C7FDF5 /* Controller */,
				041E2883205A967700C7FDF5 /* AppDelegate.swift */,
				041E2885205A967700C7FDF5 /* art.scnassets */,
				041E2889205A967700C7FDF5 /* Main.storyboard */,
				041E288C205A967700C7FDF5 /* Assets.xcassets */,
				041E288E205A967700C7FDF5 /* LaunchScreen.storyboard */,
				041E2891205A967700C7FDF5 /* Info.plist */,
			);
			path = "ramp-up";
			sourceTree = "<group>";
		};
		041E2897205A98C100C7FDF5 /* Controller */ = {
			isa = PBXGroup;
			children = (
				041E2887205A967700C7FDF5 /* RampPlacerVC.swift */,
				04F26FFA205BD3EC00AE42B3 /* RampPickerVC.swift */,
			);
			path = Controller;
			sourceTree = "<group>";
		};
/* End PBXGroup section */

/* Begin PBXNativeTarget section */
		041E287F205A967700C7FDF5 /* ramp-up */ = {
			isa = PBXNativeTarget;
			buildConfigurationList = 041E2894205A967700C7FDF5 /* Build configuration list for PBXNativeTarget "ramp-up" */;
			buildPhases = (
				041E287C205A967700C7FDF5 /* Sources */,
				041E287D205A967700C7FDF5 /* Frameworks */,
				041E287E205A967700C7FDF5 /* Resources */,
			);
			buildRules = (
			);
			dependencies = (
			);
			name = "ramp-up";
			productName = "ramp-up";
			productReference = 041E2880205A967700C7FDF5 /* ramp-up.app */;
			productType = "com.apple.product-type.application";
		};
/* End PBXNativeTarget section */

/* Begin PBXProject section */
		041E2878205A967700C7FDF5 /* Project object */ = {
			isa = PBXProject;
			attributes = {
				LastSwiftUpdateCheck = 0920;
				LastUpgradeCheck = 0920;
				ORGANIZATIONNAME = "이주원";
				TargetAttributes = {
					041E287F205A967700C7FDF5 = {
						CreatedOnToolsVersion = 9.2;
						ProvisioningStyle = Automatic;
					};
				};
			};
			buildConfigurationList = 041E287B205A967700C7FDF5 /* Build configuration list for PBXProject "ramp-up" */;
			compatibilityVersion = "Xcode 8.0";
			developmentRegion = en;
			hasScannedForEncodings = 0;
			knownRegions = (
				en,
				Base,
			);
			mainGroup = 041E2877205A967700C7FDF5;
			productRefGroup = 041E2881205A967700C7FDF5 /* Products */;
			projectDirPath = "";
			projectRoot = "";
			targets = (
				041E287F205A967700C7FDF5 /* ramp-up */,
			);
		};
/* End PBXProject section */

/* Begin PBXResourcesBuildPhase section */
		041E287E205A967700C7FDF5 /* Resources */ = {
			isa = PBXResourcesBuildPhase;
			buildActionMask = 2147483647;
			files = (
				041E2886205A967700C7FDF5 /* art.scnassets in Resources */,
				041E2890205A967700C7FDF5 /* LaunchScreen.storyboard in Resources */,
				041E288D205A967700C7FDF5 /* Assets.xcassets in Resources */,
				041E288B205A967700C7FDF5 /* Main.storyboard in Resources */,
			);
			runOnlyForDeploymentPostprocessing = 0;
		};
/* End PBXResourcesBuildPhase section */

/* Begin PBXSourcesBuildPhase section */
		041E287C205A967700C7FDF5 /* Sources */ = {
			isa = PBXSourcesBuildPhase;
			buildActionMask = 2147483647;
			files = (
				041E2888205A967700C7FDF5 /* RampPlacerVC.swift in Sources */,
				04028E72205CD5E60007B96C /* Ramp.swift in Sources */,
				04F26FFB205BD3EC00AE42B3 /* RampPickerVC.swift in Sources */,
				041E2884205A967700C7FDF5 /* AppDelegate.swift in Sources */,
			);
			runOnlyForDeploymentPostprocessing = 0;
		};
/* End PBXSourcesBuildPhase section */

/* Begin PBXVariantGroup section */
		041E2889205A967700C7FDF5 /* Main.storyboard */ = {
			isa = PBXVariantGroup;
			children = (
				041E288A205A967700C7FDF5 /* Base */,
			);
			name = Main.storyboard;
			sourceTree = "<group>";
		};
		041E288E205A967700C7FDF5 /* LaunchScreen.storyboard */ = {
			isa = PBXVariantGroup;
			children = (
				041E288F205A967700C7FDF5 /* Base */,
			);
			name = LaunchScreen.storyboard;
			sourceTree = "<group>";
		};
/* End PBXVariantGroup section */

/* Begin XCBuildConfiguration section */
		041E2892205A967700C7FDF5 /* Debug */ = {
			isa = XCBuildConfiguration;
			buildSettings = {
				ALWAYS_SEARCH_USER_PATHS = NO;
				CLANG_ANALYZER_NONNULL = YES;
				CLANG_ANALYZER_NUMBER_OBJECT_CONVERSION = YES_AGGRESSIVE;
				CLANG_CXX_LANGUAGE_STANDARD = "gnu++14";
				CLANG_CXX_LIBRARY = "libc++";
				CLANG_ENABLE_MODULES = YES;
				CLANG_ENABLE_OBJC_ARC = YES;
				CLANG_WARN_BLOCK_CAPTURE_AUTORELEASING = YES;
				CLANG_WARN_BOOL_CONVERSION = YES;
				CLANG_WARN_COMMA = YES;
				CLANG_WARN_CONSTANT_CONVERSION = YES;
				CLANG_WARN_DIRECT_OBJC_ISA_USAGE = YES_ERROR;
				CLANG_WARN_DOCUMENTATION_COMMENTS = YES;
				CLANG_WARN_EMPTY_BODY = YES;
				CLANG_WARN_ENUM_CONVERSION = YES;
				CLANG_WARN_INFINITE_RECURSION = YES;
				CLANG_WARN_INT_CONVERSION = YES;
				CLANG_WARN_NON_LITERAL_NULL_CONVERSION = YES;
				CLANG_WARN_OBJC_LITERAL_CONVERSION = YES;
				CLANG_WARN_OBJC_ROOT_CLASS = YES_ERROR;
				CLANG_WARN_RANGE_LOOP_ANALYSIS = YES;
				CLANG_WARN_STRICT_PROTOTYPES = YES;
				CLANG_WARN_SUSPICIOUS_MOVE = YES;
				CLANG_WARN_UNGUARDED_AVAILABILITY = YES_AGGRESSIVE;
				CLANG_WARN_UNREACHABLE_CODE = YES;
				CLANG_WARN__DUPLICATE_METHOD_MATCH = YES;
				CODE_SIGN_IDENTITY = "iPhone Developer";
				COPY_PHASE_STRIP = NO;
				DEBUG_INFORMATION_FORMAT = dwarf;
				ENABLE_STRICT_OBJC_MSGSEND = YES;
				ENABLE_TESTABILITY = YES;
				GCC_C_LANGUAGE_STANDARD = gnu11;
				GCC_DYNAMIC_NO_PIC = NO;
				GCC_NO_COMMON_BLOCKS = YES;
				GCC_OPTIMIZATION_LEVEL = 0;
				GCC_PREPROCESSOR_DEFINITIONS = (
					"DEBUG=1",
					"$(inherited)",
				);
				GCC_WARN_64_TO_32_BIT_CONVERSION = YES;
				GCC_WARN_ABOUT_RETURN_TYPE = YES_ERROR;
				GCC_WARN_UNDECLARED_SELECTOR = YES;
				GCC_WARN_UNINITIALIZED_AUTOS = YES_AGGRESSIVE;
				GCC_WARN_UNUSED_FUNCTION = YES;
				GCC_WARN_UNUSED_VARIABLE = YES;
				IPHONEOS_DEPLOYMENT_TARGET = 11.2;
				MTL_ENABLE_DEBUG_INFO = YES;
				ONLY_ACTIVE_ARCH = YES;
				SDKROOT = iphoneos;
				SWIFT_ACTIVE_COMPILATION_CONDITIONS = DEBUG;
				SWIFT_OPTIMIZATION_LEVEL = "-Onone";
			};
			name = Debug;
		};
		041E2893205A967700C7FDF5 /* Release */ = {
			isa = XCBuildConfiguration;
			buildSettings = {
				ALWAYS_SEARCH_USER_PATHS = NO;
				CLANG_ANALYZER_NONNULL = YES;
				CLANG_ANALYZER_NUMBER_OBJECT_CONVERSION = YES_AGGRESSIVE;
				CLANG_CXX_LANGUAGE_STANDARD = "gnu++14";
				CLANG_CXX_LIBRARY = "libc++";
				CLANG_ENABLE_MODULES = YES;
				CLANG_ENABLE_OBJC_ARC = YES;
				CLANG_WARN_BLOCK_CAPTURE_AUTORELEASING = YES;
				CLANG_WARN_BOOL_CONVERSION = YES;
				CLANG_WARN_COMMA = YES;
				CLANG_WARN_CONSTANT_CONVERSION = YES;
				CLANG_WARN_DIRECT_OBJC_ISA_USAGE = YES_ERROR;
				CLANG_WARN_DOCUMENTATION_COMMENTS = YES;
				CLANG_WARN_EMPTY_BODY = YES;
				CLANG_WARN_ENUM_CONVERSION = YES;
				CLANG_WARN_INFINITE_RECURSION = YES;
				CLANG_WARN_INT_CONVERSION = YES;
				CLANG_WARN_NON_LITERAL_NULL_CONVERSION = YES;
				CLANG_WARN_OBJC_LITERAL_CONVERSION = YES;
				CLANG_WARN_OBJC_ROOT_CLASS = YES_ERROR;
				CLANG_WARN_RANGE_LOOP_ANALYSIS = YES;
				CLANG_WARN_STRICT_PROTOTYPES = YES;
				CLANG_WARN_SUSPICIOUS_MOVE = YES;
				CLANG_WARN_UNGUARDED_AVAILABILITY = YES_AGGRESSIVE;
				CLANG_WARN_UNREACHABLE_CODE = YES;
				CLANG_WARN__DUPLICATE_METHOD_MATCH = YES;
				CODE_SIGN_IDENTITY = "iPhone Developer";
				COPY_PHASE_STRIP = NO;
				DEBUG_INFORMATION_FORMAT = "dwarf-with-dsym";
				ENABLE_NS_ASSERTIONS = NO;
				ENABLE_STRICT_OBJC_MSGSEND = YES;
				GCC_C_LANGUAGE_STANDARD = gnu11;
				GCC_NO_COMMON_BLOCKS = YES;
				GCC_WARN_64_TO_32_BIT_CONVERSION = YES;
				GCC_WARN_ABOUT_RETURN_TYPE = YES_ERROR;
				GCC_WARN_UNDECLARED_SELECTOR = YES;
				GCC_WARN_UNINITIALIZED_AUTOS = YES_AGGRESSIVE;
				GCC_WARN_UNUSED_FUNCTION = YES;
				GCC_WARN_UNUSED_VARIABLE = YES;
				IPHONEOS_DEPLOYMENT_TARGET = 11.2;
				MTL_ENABLE_DEBUG_INFO = NO;
				SDKROOT = iphoneos;
				SWIFT_OPTIMIZATION_LEVEL = "-Owholemodule";
				VALIDATE_PRODUCT = YES;
			};
			name = Release;
		};
		041E2895205A967700C7FDF5 /* Debug */ = {
			isa = XCBuildConfiguration;
			buildSettings = {
				ASSETCATALOG_COMPILER_APPICON_NAME = AppIcon;
				CODE_SIGN_STYLE = Automatic;
				DEVELOPMENT_TEAM = 7969E97WVC;
				INFOPLIST_FILE = "ramp-up/Info.plist";
				LD_RUNPATH_SEARCH_PATHS = "$(inherited) @executable_path/Frameworks";
				PRODUCT_BUNDLE_IDENTIFIER = "bld.juwon.ramp-up";
				PRODUCT_NAME = "$(TARGET_NAME)";
				SWIFT_VERSION = 4.0;
				TARGETED_DEVICE_FAMILY = "1,2";
			};
			name = Debug;
		};
		041E2896205A967700C7FDF5 /* Release */ = {
			isa = XCBuildConfiguration;
			buildSettings = {
				ASSETCATALOG_COMPILER_APPICON_NAME = AppIcon;
				CODE_SIGN_STYLE = Automatic;
				DEVELOPMENT_TEAM = 7969E97WVC;
				INFOPLIST_FILE = "ramp-up/Info.plist";
				LD_RUNPATH_SEARCH_PATHS = "$(inherited) @executable_path/Frameworks";
				PRODUCT_BUNDLE_IDENTIFIER = "bld.juwon.ramp-up";
				PRODUCT_NAME = "$(TARGET_NAME)";
				SWIFT_VERSION = 4.0;
				TARGETED_DEVICE_FAMILY = "1,2";
			};
			name = Release;
		};
/* End XCBuildConfiguration section */

/* Begin XCConfigurationList section */
		041E287B205A967700C7FDF5 /* Build configuration list for PBXProject "ramp-up" */ = {
			isa = XCConfigurationList;
			buildConfigurations = (
				041E2892205A967700C7FDF5 /* Debug */,
				041E2893205A967700C7FDF5 /* Release */,
			);
			defaultConfigurationIsVisible = 0;
			defaultConfigurationName = Release;
		};
		041E2894205A967700C7FDF5 /* Build configuration list for PBXNativeTarget "ramp-up" */ = {
			isa = XCConfigurationList;
			buildConfigurations = (
				041E2895205A967700C7FDF5 /* Debug */,
				041E2896205A967700C7FDF5 /* Release */,
			);
			defaultConfigurationIsVisible = 0;
			defaultConfigurationName = Release;
		};
/* End XCConfigurationList section */
	};
	rootObject = 041E2878205A967700C7FDF5 /* Project object */;
}
