// !$*UTF8*$!
{
	archiveVersion = 1;
	classes = {
	};
	objectVersion = 48;
	objects = {

/* Begin PBXBuildFile section */
		045B799420429B4000D86374 /* DroppablePin.swift in Sources */ = {isa = PBXBuildFile; fileRef = 045B799320429B4000D86374 /* DroppablePin.swift */; };
		047F7F992042CCF00001486E /* PhotoCell.swift in Sources */ = {isa = PBXBuildFile; fileRef = 047F7F982042CCF00001486E /* PhotoCell.swift */; };
		047F7F9B2042F1AD0001486E /* Constants.swift in Sources */ = {isa = PBXBuildFile; fileRef = 047F7F9A2042F1AD0001486E /* Constants.swift */; };
		047F7F9D2042FB1E0001486E /* flickr-api-key.json in Resources */ = {isa = PBXBuildFile; fileRef = 047F7F9C2042FB1E0001486E /* flickr-api-key.json */; };
		04B4C701204001D9007021FD /* AppDelegate.swift in Sources */ = {isa = PBXBuildFile; fileRef = 04B4C700204001D9007021FD /* AppDelegate.swift */; };
		04B4C703204001D9007021FD /* MapVC.swift in Sources */ = {isa = PBXBuildFile; fileRef = 04B4C702204001D9007021FD /* MapVC.swift */; };
		04B4C706204001D9007021FD /* Main.storyboard in Resources */ = {isa = PBXBuildFile; fileRef = 04B4C704204001D9007021FD /* Main.storyboard */; };
		04B4C708204001D9007021FD /* Assets.xcassets in Resources */ = {isa = PBXBuildFile; fileRef = 04B4C707204001D9007021FD /* Assets.xcassets */; };
		04B4C70B204001D9007021FD /* LaunchScreen.storyboard in Resources */ = {isa = PBXBuildFile; fileRef = 04B4C709204001D9007021FD /* LaunchScreen.storyboard */; };
		5EA65276173CCDC355499B89 /* Pods_pixel_city.framework in Frameworks */ = {isa = PBXBuildFile; fileRef = 8F623F494ED70D96302F0162 /* Pods_pixel_city.framework */; };
/* End PBXBuildFile section */

/* Begin PBXFileReference section */
		045B799320429B4000D86374 /* DroppablePin.swift */ = {isa = PBXFileReference; lastKnownFileType = sourcecode.swift; path = DroppablePin.swift; sourceTree = "<group>"; };
		047F7F982042CCF00001486E /* PhotoCell.swift */ = {isa = PBXFileReference; lastKnownFileType = sourcecode.swift; path = PhotoCell.swift; sourceTree = "<group>"; };
		047F7F9A2042F1AD0001486E /* Constants.swift */ = {isa = PBXFileReference; lastKnownFileType = sourcecode.swift; path = Constants.swift; sourceTree = "<group>"; };
		047F7F9C2042FB1E0001486E /* flickr-api-key.json */ = {isa = PBXFileReference; lastKnownFileType = text.json; path = "flickr-api-key.json"; sourceTree = "<group>"; };
		04B4C6FD204001D9007021FD /* pixel-city.app */ = {isa = PBXFileReference; explicitFileType = wrapper.application; includeInIndex = 0; path = "pixel-city.app"; sourceTree = BUILT_PRODUCTS_DIR; };
		04B4C700204001D9007021FD /* AppDelegate.swift */ = {isa = PBXFileReference; lastKnownFileType = sourcecode.swift; path = AppDelegate.swift; sourceTree = "<group>"; };
		04B4C702204001D9007021FD /* MapVC.swift */ = {isa = PBXFileReference; lastKnownFileType = sourcecode.swift; path = MapVC.swift; sourceTree = "<group>"; };
		04B4C705204001D9007021FD /* Base */ = {isa = PBXFileReference; lastKnownFileType = file.storyboard; name = Base; path = Base.lproj/Main.storyboard; sourceTree = "<group>"; };
		04B4C707204001D9007021FD /* Assets.xcassets */ = {isa = PBXFileReference; lastKnownFileType = folder.assetcatalog; path = Assets.xcassets; sourceTree = "<group>"; };
		04B4C70A204001D9007021FD /* Base */ = {isa = PBXFileReference; lastKnownFileType = file.storyboard; name = Base; path = Base.lproj/LaunchScreen.storyboard; sourceTree = "<group>"; };
		04B4C70C204001D9007021FD /* Info.plist */ = {isa = PBXFileReference; lastKnownFileType = text.plist.xml; path = Info.plist; sourceTree = "<group>"; };
		448E99E27525B777B971FE76 /* Pods-pixel-city.release.xcconfig */ = {isa = PBXFileReference; includeInIndex = 1; lastKnownFileType = text.xcconfig; name = "Pods-pixel-city.release.xcconfig"; path = "Pods/Target Support Files/Pods-pixel-city/Pods-pixel-city.release.xcconfig"; sourceTree = "<group>"; };
		8F623F494ED70D96302F0162 /* Pods_pixel_city.framework */ = {isa = PBXFileReference; explicitFileType = wrapper.framework; includeInIndex = 0; path = Pods_pixel_city.framework; sourceTree = BUILT_PRODUCTS_DIR; };
		BEB63ABF0478BBFBDFB42C71 /* Pods-pixel-city.debug.xcconfig */ = {isa = PBXFileReference; includeInIndex = 1; lastKnownFileType = text.xcconfig; name = "Pods-pixel-city.debug.xcconfig"; path = "Pods/Target Support Files/Pods-pixel-city/Pods-pixel-city.debug.xcconfig"; sourceTree = "<group>"; };
/* End PBXFileReference section */

/* Begin PBXFrameworksBuildPhase section */
		04B4C6FA204001D9007021FD /* Frameworks */ = {
			isa = PBXFrameworksBuildPhase;
			buildActionMask = 2147483647;
			files = (
				5EA65276173CCDC355499B89 /* Pods_pixel_city.framework in Frameworks */,
			);
			runOnlyForDeploymentPostprocessing = 0;
		};
/* End PBXFrameworksBuildPhase section */

/* Begin PBXGroup section */
		04B4C6F4204001D9007021FD = {
			isa = PBXGroup;
			children = (
				04B4C6FF204001D9007021FD /* pixel-city */,
				04B4C6FE204001D9007021FD /* Products */,
				96B6422A3912D8ED022D9851 /* Pods */,
				87FD7887F3D7C8BFF521F1A3 /* Frameworks */,
			);
			sourceTree = "<group>";
		};
		04B4C6FE204001D9007021FD /* Products */ = {
			isa = PBXGroup;
			children = (
				04B4C6FD204001D9007021FD /* pixel-city.app */,
			);
			name = Products;
			sourceTree = "<group>";
		};
		04B4C6FF204001D9007021FD /* pixel-city */ = {
			isa = PBXGroup;
			children = (
				04B4C71520400274007021FD /* Utilities */,
				04B4C71420400254007021FD /* Extensions */,
				04B4C71320400245007021FD /* View */,
				04B4C71220400225007021FD /* Controller */,
				04B4C700204001D9007021FD /* AppDelegate.swift */,
				04B4C704204001D9007021FD /* Main.storyboard */,
				04B4C707204001D9007021FD /* Assets.xcassets */,
				04B4C709204001D9007021FD /* LaunchScreen.storyboard */,
				04B4C70C204001D9007021FD /* Info.plist */,
				047F7F9C2042FB1E0001486E /* flickr-api-key.json */,
			);
			path = "pixel-city";
			sourceTree = "<group>";
		};
		04B4C71220400225007021FD /* Controller */ = {
			isa = PBXGroup;
			children = (
				04B4C702204001D9007021FD /* MapVC.swift */,
			);
			path = Controller;
			sourceTree = "<group>";
		};
		04B4C71320400245007021FD /* View */ = {
			isa = PBXGroup;
			children = (
				045B799320429B4000D86374 /* DroppablePin.swift */,
				047F7F982042CCF00001486E /* PhotoCell.swift */,
			);
			path = View;
			sourceTree = "<group>";
		};
		04B4C71420400254007021FD /* Extensions */ = {
			isa = PBXGroup;
			children = (
			);
			path = Extensions;
			sourceTree = "<group>";
		};
		04B4C71520400274007021FD /* Utilities */ = {
			isa = PBXGroup;
			children = (
				047F7F9A2042F1AD0001486E /* Constants.swift */,
			);
			path = Utilities;
			sourceTree = "<group>";
		};
		87FD7887F3D7C8BFF521F1A3 /* Frameworks */ = {
			isa = PBXGroup;
			children = (
				8F623F494ED70D96302F0162 /* Pods_pixel_city.framework */,
			);
			name = Frameworks;
			sourceTree = "<group>";
		};
		96B6422A3912D8ED022D9851 /* Pods */ = {
			isa = PBXGroup;
			children = (
				BEB63ABF0478BBFBDFB42C71 /* Pods-pixel-city.debug.xcconfig */,
				448E99E27525B777B971FE76 /* Pods-pixel-city.release.xcconfig */,
			);
			name = Pods;
			sourceTree = "<group>";
		};
/* End PBXGroup section */

/* Begin PBXNativeTarget section */
		04B4C6FC204001D9007021FD /* pixel-city */ = {
			isa = PBXNativeTarget;
			buildConfigurationList = 04B4C70F204001D9007021FD /* Build configuration list for PBXNativeTarget "pixel-city" */;
			buildPhases = (
				C3D96895310EF23D65460512 /* [CP] Check Pods Manifest.lock */,
				04B4C6F9204001D9007021FD /* Sources */,
				04B4C6FA204001D9007021FD /* Frameworks */,
				04B4C6FB204001D9007021FD /* Resources */,
				D0C7958D6DEE4DBC957BA251 /* [CP] Embed Pods Frameworks */,
				77FA9B4A555B299E6D7B56D8 /* [CP] Copy Pods Resources */,
			);
			buildRules = (
			);
			dependencies = (
			);
			name = "pixel-city";
			productName = "pixel-city";
			productReference = 04B4C6FD204001D9007021FD /* pixel-city.app */;
			productType = "com.apple.product-type.application";
		};
/* End PBXNativeTarget section */

/* Begin PBXProject section */
		04B4C6F5204001D9007021FD /* Project object */ = {
			isa = PBXProject;
			attributes = {
				LastSwiftUpdateCheck = 0920;
				LastUpgradeCheck = 0920;
				ORGANIZATIONNAME = "이주원";
				TargetAttributes = {
					04B4C6FC204001D9007021FD = {
						CreatedOnToolsVersion = 9.2;
						ProvisioningStyle = Automatic;
					};
				};
			};
			buildConfigurationList = 04B4C6F8204001D9007021FD /* Build configuration list for PBXProject "pixel-city" */;
			compatibilityVersion = "Xcode 8.0";
			developmentRegion = en;
			hasScannedForEncodings = 0;
			knownRegions = (
				en,
				Base,
			);
			mainGroup = 04B4C6F4204001D9007021FD;
			productRefGroup = 04B4C6FE204001D9007021FD /* Products */;
			projectDirPath = "";
			projectRoot = "";
			targets = (
				04B4C6FC204001D9007021FD /* pixel-city */,
			);
		};
/* End PBXProject section */

/* Begin PBXResourcesBuildPhase section */
		04B4C6FB204001D9007021FD /* Resources */ = {
			isa = PBXResourcesBuildPhase;
			buildActionMask = 2147483647;
			files = (
				04B4C70B204001D9007021FD /* LaunchScreen.storyboard in Resources */,
				047F7F9D2042FB1E0001486E /* flickr-api-key.json in Resources */,
				04B4C708204001D9007021FD /* Assets.xcassets in Resources */,
				04B4C706204001D9007021FD /* Main.storyboard in Resources */,
			);
			runOnlyForDeploymentPostprocessing = 0;
		};
/* End PBXResourcesBuildPhase section */

/* Begin PBXShellScriptBuildPhase section */
		77FA9B4A555B299E6D7B56D8 /* [CP] Copy Pods Resources */ = {
			isa = PBXShellScriptBuildPhase;
			buildActionMask = 2147483647;
			files = (
			);
			inputPaths = (
			);
			name = "[CP] Copy Pods Resources";
			outputPaths = (
			);
			runOnlyForDeploymentPostprocessing = 0;
			shellPath = /bin/sh;
			shellScript = "\"${SRCROOT}/Pods/Target Support Files/Pods-pixel-city/Pods-pixel-city-resources.sh\"\n";
			showEnvVarsInLog = 0;
		};
		C3D96895310EF23D65460512 /* [CP] Check Pods Manifest.lock */ = {
			isa = PBXShellScriptBuildPhase;
			buildActionMask = 2147483647;
			files = (
			);
			inputPaths = (
				"${PODS_PODFILE_DIR_PATH}/Podfile.lock",
				"${PODS_ROOT}/Manifest.lock",
			);
			name = "[CP] Check Pods Manifest.lock";
			outputPaths = (
				"$(DERIVED_FILE_DIR)/Pods-pixel-city-checkManifestLockResult.txt",
			);
			runOnlyForDeploymentPostprocessing = 0;
			shellPath = /bin/sh;
			shellScript = "diff \"${PODS_PODFILE_DIR_PATH}/Podfile.lock\" \"${PODS_ROOT}/Manifest.lock\" > /dev/null\nif [ $? != 0 ] ; then\n    # print error to STDERR\n    echo \"error: The sandbox is not in sync with the Podfile.lock. Run 'pod install' or update your CocoaPods installation.\" >&2\n    exit 1\nfi\n# This output is used by Xcode 'outputs' to avoid re-running this script phase.\necho \"SUCCESS\" > \"${SCRIPT_OUTPUT_FILE_0}\"\n";
			showEnvVarsInLog = 0;
		};
		D0C7958D6DEE4DBC957BA251 /* [CP] Embed Pods Frameworks */ = {
			isa = PBXShellScriptBuildPhase;
			buildActionMask = 2147483647;
			files = (
			);
			inputPaths = (
				"${SRCROOT}/Pods/Target Support Files/Pods-pixel-city/Pods-pixel-city-frameworks.sh",
				"${BUILT_PRODUCTS_DIR}/Alamofire/Alamofire.framework",
				"${BUILT_PRODUCTS_DIR}/AlamofireImage/AlamofireImage.framework",
			);
			name = "[CP] Embed Pods Frameworks";
			outputPaths = (
				"${TARGET_BUILD_DIR}/${FRAMEWORKS_FOLDER_PATH}/Alamofire.framework",
				"${TARGET_BUILD_DIR}/${FRAMEWORKS_FOLDER_PATH}/AlamofireImage.framework",
			);
			runOnlyForDeploymentPostprocessing = 0;
			shellPath = /bin/sh;
			shellScript = "\"${SRCROOT}/Pods/Target Support Files/Pods-pixel-city/Pods-pixel-city-frameworks.sh\"\n";
			showEnvVarsInLog = 0;
		};
/* End PBXShellScriptBuildPhase section */

/* Begin PBXSourcesBuildPhase section */
		04B4C6F9204001D9007021FD /* Sources */ = {
			isa = PBXSourcesBuildPhase;
			buildActionMask = 2147483647;
			files = (
				047F7F9B2042F1AD0001486E /* Constants.swift in Sources */,
				047F7F992042CCF00001486E /* PhotoCell.swift in Sources */,
				04B4C703204001D9007021FD /* MapVC.swift in Sources */,
				045B799420429B4000D86374 /* DroppablePin.swift in Sources */,
				04B4C701204001D9007021FD /* AppDelegate.swift in Sources */,
			);
			runOnlyForDeploymentPostprocessing = 0;
		};
/* End PBXSourcesBuildPhase section */

/* Begin PBXVariantGroup section */
		04B4C704204001D9007021FD /* Main.storyboard */ = {
			isa = PBXVariantGroup;
			children = (
				04B4C705204001D9007021FD /* Base */,
			);
			name = Main.storyboard;
			sourceTree = "<group>";
		};
		04B4C709204001D9007021FD /* LaunchScreen.storyboard */ = {
			isa = PBXVariantGroup;
			children = (
				04B4C70A204001D9007021FD /* Base */,
			);
			name = LaunchScreen.storyboard;
			sourceTree = "<group>";
		};
/* End PBXVariantGroup section */

/* Begin XCBuildConfiguration section */
		04B4C70D204001D9007021FD /* Debug */ = {
			isa = XCBuildConfiguration;
			buildSettings = {
				ALWAYS_SEARCH_USER_PATHS = NO;
				CLANG_ANALYZER_NONNULL = YES;
				CLANG_ANALYZER_NUMBER_OBJECT_CONVERSION = YES_AGGRESSIVE;
				CLANG_CXX_LANGUAGE_STANDARD = "gnu++14";
				CLANG_CXX_LIBRARY = "libc++";
				CLANG_ENABLE_MODULES = YES;
				CLANG_ENABLE_OBJC_ARC = YES;
				CLANG_WARN_BLOCK_CAPTURE_AUTORELEASING = YES;
				CLANG_WARN_BOOL_CONVERSION = YES;
				CLANG_WARN_COMMA = YES;
				CLANG_WARN_CONSTANT_CONVERSION = YES;
				CLANG_WARN_DIRECT_OBJC_ISA_USAGE = YES_ERROR;
				CLANG_WARN_DOCUMENTATION_COMMENTS = YES;
				CLANG_WARN_EMPTY_BODY = YES;
				CLANG_WARN_ENUM_CONVERSION = YES;
				CLANG_WARN_INFINITE_RECURSION = YES;
				CLANG_WARN_INT_CONVERSION = YES;
				CLANG_WARN_NON_LITERAL_NULL_CONVERSION = YES;
				CLANG_WARN_OBJC_LITERAL_CONVERSION = YES;
				CLANG_WARN_OBJC_ROOT_CLASS = YES_ERROR;
				CLANG_WARN_RANGE_LOOP_ANALYSIS = YES;
				CLANG_WARN_STRICT_PROTOTYPES = YES;
				CLANG_WARN_SUSPICIOUS_MOVE = YES;
				CLANG_WARN_UNGUARDED_AVAILABILITY = YES_AGGRESSIVE;
				CLANG_WARN_UNREACHABLE_CODE = YES;
				CLANG_WARN__DUPLICATE_METHOD_MATCH = YES;
				CODE_SIGN_IDENTITY = "iPhone Developer";
				COPY_PHASE_STRIP = NO;
				DEBUG_INFORMATION_FORMAT = dwarf;
				ENABLE_STRICT_OBJC_MSGSEND = YES;
				ENABLE_TESTABILITY = YES;
				GCC_C_LANGUAGE_STANDARD = gnu11;
				GCC_DYNAMIC_NO_PIC = NO;
				GCC_NO_COMMON_BLOCKS = YES;
				GCC_OPTIMIZATION_LEVEL = 0;
				GCC_PREPROCESSOR_DEFINITIONS = (
					"DEBUG=1",
					"$(inherited)",
				);
				GCC_WARN_64_TO_32_BIT_CONVERSION = YES;
				GCC_WARN_ABOUT_RETURN_TYPE = YES_ERROR;
				GCC_WARN_UNDECLARED_SELECTOR = YES;
				GCC_WARN_UNINITIALIZED_AUTOS = YES_AGGRESSIVE;
				GCC_WARN_UNUSED_FUNCTION = YES;
				GCC_WARN_UNUSED_VARIABLE = YES;
				IPHONEOS_DEPLOYMENT_TARGET = 11.2;
				MTL_ENABLE_DEBUG_INFO = YES;
				ONLY_ACTIVE_ARCH = YES;
				SDKROOT = iphoneos;
				SWIFT_ACTIVE_COMPILATION_CONDITIONS = DEBUG;
				SWIFT_OPTIMIZATION_LEVEL = "-Onone";
			};
			name = Debug;
		};
		04B4C70E204001D9007021FD /* Release */ = {
			isa = XCBuildConfiguration;
			buildSettings = {
				ALWAYS_SEARCH_USER_PATHS = NO;
				CLANG_ANALYZER_NONNULL = YES;
				CLANG_ANALYZER_NUMBER_OBJECT_CONVERSION = YES_AGGRESSIVE;
				CLANG_CXX_LANGUAGE_STANDARD = "gnu++14";
				CLANG_CXX_LIBRARY = "libc++";
				CLANG_ENABLE_MODULES = YES;
				CLANG_ENABLE_OBJC_ARC = YES;
				CLANG_WARN_BLOCK_CAPTURE_AUTORELEASING = YES;
				CLANG_WARN_BOOL_CONVERSION = YES;
				CLANG_WARN_COMMA = YES;
				CLANG_WARN_CONSTANT_CONVERSION = YES;
				CLANG_WARN_DIRECT_OBJC_ISA_USAGE = YES_ERROR;
				CLANG_WARN_DOCUMENTATION_COMMENTS = YES;
				CLANG_WARN_EMPTY_BODY = YES;
				CLANG_WARN_ENUM_CONVERSION = YES;
				CLANG_WARN_INFINITE_RECURSION = YES;
				CLANG_WARN_INT_CONVERSION = YES;
				CLANG_WARN_NON_LITERAL_NULL_CONVERSION = YES;
				CLANG_WARN_OBJC_LITERAL_CONVERSION = YES;
				CLANG_WARN_OBJC_ROOT_CLASS = YES_ERROR;
				CLANG_WARN_RANGE_LOOP_ANALYSIS = YES;
				CLANG_WARN_STRICT_PROTOTYPES = YES;
				CLANG_WARN_SUSPICIOUS_MOVE = YES;
				CLANG_WARN_UNGUARDED_AVAILABILITY = YES_AGGRESSIVE;
				CLANG_WARN_UNREACHABLE_CODE = YES;
				CLANG_WARN__DUPLICATE_METHOD_MATCH = YES;
				CODE_SIGN_IDENTITY = "iPhone Developer";
				COPY_PHASE_STRIP = NO;
				DEBUG_INFORMATION_FORMAT = "dwarf-with-dsym";
				ENABLE_NS_ASSERTIONS = NO;
				ENABLE_STRICT_OBJC_MSGSEND = YES;
				GCC_C_LANGUAGE_STANDARD = gnu11;
				GCC_NO_COMMON_BLOCKS = YES;
				GCC_WARN_64_TO_32_BIT_CONVERSION = YES;
				GCC_WARN_ABOUT_RETURN_TYPE = YES_ERROR;
				GCC_WARN_UNDECLARED_SELECTOR = YES;
				GCC_WARN_UNINITIALIZED_AUTOS = YES_AGGRESSIVE;
				GCC_WARN_UNUSED_FUNCTION = YES;
				GCC_WARN_UNUSED_VARIABLE = YES;
				IPHONEOS_DEPLOYMENT_TARGET = 11.2;
				MTL_ENABLE_DEBUG_INFO = NO;
				SDKROOT = iphoneos;
				SWIFT_OPTIMIZATION_LEVEL = "-Owholemodule";
				VALIDATE_PRODUCT = YES;
			};
			name = Release;
		};
		04B4C710204001D9007021FD /* Debug */ = {
			isa = XCBuildConfiguration;
			baseConfigurationReference = BEB63ABF0478BBFBDFB42C71 /* Pods-pixel-city.debug.xcconfig */;
			buildSettings = {
				ASSETCATALOG_COMPILER_APPICON_NAME = AppIcon;
				CODE_SIGN_STYLE = Automatic;
				DEVELOPMENT_TEAM = 7969E97WVC;
				INFOPLIST_FILE = "pixel-city/Info.plist";
				LD_RUNPATH_SEARCH_PATHS = "$(inherited) @executable_path/Frameworks";
				PRODUCT_BUNDLE_IDENTIFIER = "bld.juwon.pixel-city";
				PRODUCT_NAME = "$(TARGET_NAME)";
				SWIFT_VERSION = 4.0;
				TARGETED_DEVICE_FAMILY = "1,2";
			};
			name = Debug;
		};
		04B4C711204001D9007021FD /* Release */ = {
			isa = XCBuildConfiguration;
			baseConfigurationReference = 448E99E27525B777B971FE76 /* Pods-pixel-city.release.xcconfig */;
			buildSettings = {
				ASSETCATALOG_COMPILER_APPICON_NAME = AppIcon;
				CODE_SIGN_STYLE = Automatic;
				DEVELOPMENT_TEAM = 7969E97WVC;
				INFOPLIST_FILE = "pixel-city/Info.plist";
				LD_RUNPATH_SEARCH_PATHS = "$(inherited) @executable_path/Frameworks";
				PRODUCT_BUNDLE_IDENTIFIER = "bld.juwon.pixel-city";
				PRODUCT_NAME = "$(TARGET_NAME)";
				SWIFT_VERSION = 4.0;
				TARGETED_DEVICE_FAMILY = "1,2";
			};
			name = Release;
		};
/* End XCBuildConfiguration section */

/* Begin XCConfigurationList section */
		04B4C6F8204001D9007021FD /* Build configuration list for PBXProject "pixel-city" */ = {
			isa = XCConfigurationList;
			buildConfigurations = (
				04B4C70D204001D9007021FD /* Debug */,
				04B4C70E204001D9007021FD /* Release */,
			);
			defaultConfigurationIsVisible = 0;
			defaultConfigurationName = Release;
		};
		04B4C70F204001D9007021FD /* Build configuration list for PBXNativeTarget "pixel-city" */ = {
			isa = XCConfigurationList;
			buildConfigurations = (
				04B4C710204001D9007021FD /* Debug */,
				04B4C711204001D9007021FD /* Release */,
			);
			defaultConfigurationIsVisible = 0;
			defaultConfigurationName = Release;
		};
/* End XCConfigurationList section */
	};
	rootObject = 04B4C6F5204001D9007021FD /* Project object */;
}
