// !$*UTF8*$!
{
	archiveVersion = 1;
	classes = {
	};
	objectVersion = 48;
	objects = {

/* Begin PBXBuildFile section */
		04FC12FC200A227E009EF65E /* AppDelegate.swift in Sources */ = {isa = PBXBuildFile; fileRef = 04FC12FB200A227E009EF65E /* AppDelegate.swift */; };
		04FC12FE200A227E009EF65E /* ViewController.swift in Sources */ = {isa = PBXBuildFile; fileRef = 04FC12FD200A227E009EF65E /* ViewController.swift */; };
		04FC1301200A227E009EF65E /* Main.storyboard in Resources */ = {isa = PBXBuildFile; fileRef = 04FC12FF200A227E009EF65E /* Main.storyboard */; };
		04FC1303200A227E009EF65E /* Assets.xcassets in Resources */ = {isa = PBXBuildFile; fileRef = 04FC1302200A227E009EF65E /* Assets.xcassets */; };
		04FC1306200A227E009EF65E /* LaunchScreen.storyboard in Resources */ = {isa = PBXBuildFile; fileRef = 04FC1304200A227E009EF65E /* LaunchScreen.storyboard */; };
		04FC130E200A28EB009EF65E /* UIButtonExt.swift in Sources */ = {isa = PBXBuildFile; fileRef = 04FC130D200A28EB009EF65E /* UIButtonExt.swift */; };
		04FC1310200A2FDC009EF65E /*  Helpers.swift in Sources */ = {isa = PBXBuildFile; fileRef = 04FC130F200A2FDC009EF65E /*  Helpers.swift */; };
/* End PBXBuildFile section */

/* Begin PBXFileReference section */
		04FC12F8200A227E009EF65E /* extensions-dance-party.app */ = {isa = PBXFileReference; explicitFileType = wrapper.application; includeInIndex = 0; path = "extensions-dance-party.app"; sourceTree = BUILT_PRODUCTS_DIR; };
		04FC12FB200A227E009EF65E /* AppDelegate.swift */ = {isa = PBXFileReference; lastKnownFileType = sourcecode.swift; path = AppDelegate.swift; sourceTree = "<group>"; };
		04FC12FD200A227E009EF65E /* ViewController.swift */ = {isa = PBXFileReference; lastKnownFileType = sourcecode.swift; path = ViewController.swift; sourceTree = "<group>"; };
		04FC1300200A227E009EF65E /* Base */ = {isa = PBXFileReference; lastKnownFileType = file.storyboard; name = Base; path = Base.lproj/Main.storyboard; sourceTree = "<group>"; };
		04FC1302200A227E009EF65E /* Assets.xcassets */ = {isa = PBXFileReference; lastKnownFileType = folder.assetcatalog; path = Assets.xcassets; sourceTree = "<group>"; };
		04FC1305200A227E009EF65E /* Base */ = {isa = PBXFileReference; lastKnownFileType = file.storyboard; name = Base; path = Base.lproj/LaunchScreen.storyboard; sourceTree = "<group>"; };
		04FC1307200A227E009EF65E /* Info.plist */ = {isa = PBXFileReference; lastKnownFileType = text.plist.xml; path = Info.plist; sourceTree = "<group>"; };
		04FC130D200A28EB009EF65E /* UIButtonExt.swift */ = {isa = PBXFileReference; lastKnownFileType = sourcecode.swift; path = UIButtonExt.swift; sourceTree = "<group>"; };
		04FC130F200A2FDC009EF65E /*  Helpers.swift */ = {isa = PBXFileReference; lastKnownFileType = sourcecode.swift; path = " Helpers.swift"; sourceTree = "<group>"; };
/* End PBXFileReference section */

/* Begin PBXFrameworksBuildPhase section */
		04FC12F5200A227E009EF65E /* Frameworks */ = {
			isa = PBXFrameworksBuildPhase;
			buildActionMask = 2147483647;
			files = (
			);
			runOnlyForDeploymentPostprocessing = 0;
		};
/* End PBXFrameworksBuildPhase section */

/* Begin PBXGroup section */
		04FC12EF200A227E009EF65E = {
			isa = PBXGroup;
			children = (
				04FC12FA200A227E009EF65E /* extensions-dance-party */,
				04FC12F9200A227E009EF65E /* Products */,
			);
			sourceTree = "<group>";
		};
		04FC12F9200A227E009EF65E /* Products */ = {
			isa = PBXGroup;
			children = (
				04FC12F8200A227E009EF65E /* extensions-dance-party.app */,
			);
			name = Products;
			sourceTree = "<group>";
		};
		04FC12FA200A227E009EF65E /* extensions-dance-party */ = {
			isa = PBXGroup;
			children = (
				04FC12FB200A227E009EF65E /* AppDelegate.swift */,
				04FC12FD200A227E009EF65E /* ViewController.swift */,
				04FC12FF200A227E009EF65E /* Main.storyboard */,
				04FC1302200A227E009EF65E /* Assets.xcassets */,
				04FC1304200A227E009EF65E /* LaunchScreen.storyboard */,
				04FC1307200A227E009EF65E /* Info.plist */,
				04FC130D200A28EB009EF65E /* UIButtonExt.swift */,
				04FC130F200A2FDC009EF65E /*  Helpers.swift */,
			);
			path = "extensions-dance-party";
			sourceTree = "<group>";
		};
/* End PBXGroup section */

/* Begin PBXNativeTarget section */
		04FC12F7200A227E009EF65E /* extensions-dance-party */ = {
			isa = PBXNativeTarget;
			buildConfigurationList = 04FC130A200A227E009EF65E /* Build configuration list for PBXNativeTarget "extensions-dance-party" */;
			buildPhases = (
				04FC12F4200A227E009EF65E /* Sources */,
				04FC12F5200A227E009EF65E /* Frameworks */,
				04FC12F6200A227E009EF65E /* Resources */,
			);
			buildRules = (
			);
			dependencies = (
			);
			name = "extensions-dance-party";
			productName = "extensions-dance-party";
			productReference = 04FC12F8200A227E009EF65E /* extensions-dance-party.app */;
			productType = "com.apple.product-type.application";
		};
/* End PBXNativeTarget section */

/* Begin PBXProject section */
		04FC12F0200A227E009EF65E /* Project object */ = {
			isa = PBXProject;
			attributes = {
				LastSwiftUpdateCheck = 0920;
				LastUpgradeCheck = 0920;
				ORGANIZATIONNAME = "이주원";
				TargetAttributes = {
					04FC12F7200A227E009EF65E = {
						CreatedOnToolsVersion = 9.2;
						ProvisioningStyle = Automatic;
					};
				};
			};
			buildConfigurationList = 04FC12F3200A227E009EF65E /* Build configuration list for PBXProject "extensions-dance-party" */;
			compatibilityVersion = "Xcode 8.0";
			developmentRegion = en;
			hasScannedForEncodings = 0;
			knownRegions = (
				en,
				Base,
			);
			mainGroup = 04FC12EF200A227E009EF65E;
			productRefGroup = 04FC12F9200A227E009EF65E /* Products */;
			projectDirPath = "";
			projectRoot = "";
			targets = (
				04FC12F7200A227E009EF65E /* extensions-dance-party */,
			);
		};
/* End PBXProject section */

/* Begin PBXResourcesBuildPhase section */
		04FC12F6200A227E009EF65E /* Resources */ = {
			isa = PBXResourcesBuildPhase;
			buildActionMask = 2147483647;
			files = (
				04FC1306200A227E009EF65E /* LaunchScreen.storyboard in Resources */,
				04FC1303200A227E009EF65E /* Assets.xcassets in Resources */,
				04FC1301200A227E009EF65E /* Main.storyboard in Resources */,
			);
			runOnlyForDeploymentPostprocessing = 0;
		};
/* End PBXResourcesBuildPhase section */

/* Begin PBXSourcesBuildPhase section */
		04FC12F4200A227E009EF65E /* Sources */ = {
			isa = PBXSourcesBuildPhase;
			buildActionMask = 2147483647;
			files = (
				04FC1310200A2FDC009EF65E /*  Helpers.swift in Sources */,
				04FC12FE200A227E009EF65E /* ViewController.swift in Sources */,
				04FC130E200A28EB009EF65E /* UIButtonExt.swift in Sources */,
				04FC12FC200A227E009EF65E /* AppDelegate.swift in Sources */,
			);
			runOnlyForDeploymentPostprocessing = 0;
		};
/* End PBXSourcesBuildPhase section */

/* Begin PBXVariantGroup section */
		04FC12FF200A227E009EF65E /* Main.storyboard */ = {
			isa = PBXVariantGroup;
			children = (
				04FC1300200A227E009EF65E /* Base */,
			);
			name = Main.storyboard;
			sourceTree = "<group>";
		};
		04FC1304200A227E009EF65E /* LaunchScreen.storyboard */ = {
			isa = PBXVariantGroup;
			children = (
				04FC1305200A227E009EF65E /* Base */,
			);
			name = LaunchScreen.storyboard;
			sourceTree = "<group>";
		};
/* End PBXVariantGroup section */

/* Begin XCBuildConfiguration section */
		04FC1308200A227E009EF65E /* Debug */ = {
			isa = XCBuildConfiguration;
			buildSettings = {
				ALWAYS_SEARCH_USER_PATHS = NO;
				CLANG_ANALYZER_NONNULL = YES;
				CLANG_ANALYZER_NUMBER_OBJECT_CONVERSION = YES_AGGRESSIVE;
				CLANG_CXX_LANGUAGE_STANDARD = "gnu++14";
				CLANG_CXX_LIBRARY = "libc++";
				CLANG_ENABLE_MODULES = YES;
				CLANG_ENABLE_OBJC_ARC = YES;
				CLANG_WARN_BLOCK_CAPTURE_AUTORELEASING = YES;
				CLANG_WARN_BOOL_CONVERSION = YES;
				CLANG_WARN_COMMA = YES;
				CLANG_WARN_CONSTANT_CONVERSION = YES;
				CLANG_WARN_DIRECT_OBJC_ISA_USAGE = YES_ERROR;
				CLANG_WARN_DOCUMENTATION_COMMENTS = YES;
				CLANG_WARN_EMPTY_BODY = YES;
				CLANG_WARN_ENUM_CONVERSION = YES;
				CLANG_WARN_INFINITE_RECURSION = YES;
				CLANG_WARN_INT_CONVERSION = YES;
				CLANG_WARN_NON_LITERAL_NULL_CONVERSION = YES;
				CLANG_WARN_OBJC_LITERAL_CONVERSION = YES;
				CLANG_WARN_OBJC_ROOT_CLASS = YES_ERROR;
				CLANG_WARN_RANGE_LOOP_ANALYSIS = YES;
				CLANG_WARN_STRICT_PROTOTYPES = YES;
				CLANG_WARN_SUSPICIOUS_MOVE = YES;
				CLANG_WARN_UNGUARDED_AVAILABILITY = YES_AGGRESSIVE;
				CLANG_WARN_UNREACHABLE_CODE = YES;
				CLANG_WARN__DUPLICATE_METHOD_MATCH = YES;
				CODE_SIGN_IDENTITY = "iPhone Developer";
				COPY_PHASE_STRIP = NO;
				DEBUG_INFORMATION_FORMAT = dwarf;
				ENABLE_STRICT_OBJC_MSGSEND = YES;
				ENABLE_TESTABILITY = YES;
				GCC_C_LANGUAGE_STANDARD = gnu11;
				GCC_DYNAMIC_NO_PIC = NO;
				GCC_NO_COMMON_BLOCKS = YES;
				GCC_OPTIMIZATION_LEVEL = 0;
				GCC_PREPROCESSOR_DEFINITIONS = (
					"DEBUG=1",
					"$(inherited)",
				);
				GCC_WARN_64_TO_32_BIT_CONVERSION = YES;
				GCC_WARN_ABOUT_RETURN_TYPE = YES_ERROR;
				GCC_WARN_UNDECLARED_SELECTOR = YES;
				GCC_WARN_UNINITIALIZED_AUTOS = YES_AGGRESSIVE;
				GCC_WARN_UNUSED_FUNCTION = YES;
				GCC_WARN_UNUSED_VARIABLE = YES;
				IPHONEOS_DEPLOYMENT_TARGET = 11.2;
				MTL_ENABLE_DEBUG_INFO = YES;
				ONLY_ACTIVE_ARCH = YES;
				SDKROOT = iphoneos;
				SWIFT_ACTIVE_COMPILATION_CONDITIONS = DEBUG;
				SWIFT_OPTIMIZATION_LEVEL = "-Onone";
			};
			name = Debug;
		};
		04FC1309200A227E009EF65E /* Release */ = {
			isa = XCBuildConfiguration;
			buildSettings = {
				ALWAYS_SEARCH_USER_PATHS = NO;
				CLANG_ANALYZER_NONNULL = YES;
				CLANG_ANALYZER_NUMBER_OBJECT_CONVERSION = YES_AGGRESSIVE;
				CLANG_CXX_LANGUAGE_STANDARD = "gnu++14";
				CLANG_CXX_LIBRARY = "libc++";
				CLANG_ENABLE_MODULES = YES;
				CLANG_ENABLE_OBJC_ARC = YES;
				CLANG_WARN_BLOCK_CAPTURE_AUTORELEASING = YES;
				CLANG_WARN_BOOL_CONVERSION = YES;
				CLANG_WARN_COMMA = YES;
				CLANG_WARN_CONSTANT_CONVERSION = YES;
				CLANG_WARN_DIRECT_OBJC_ISA_USAGE = YES_ERROR;
				CLANG_WARN_DOCUMENTATION_COMMENTS = YES;
				CLANG_WARN_EMPTY_BODY = YES;
				CLANG_WARN_ENUM_CONVERSION = YES;
				CLANG_WARN_INFINITE_RECURSION = YES;
				CLANG_WARN_INT_CONVERSION = YES;
				CLANG_WARN_NON_LITERAL_NULL_CONVERSION = YES;
				CLANG_WARN_OBJC_LITERAL_CONVERSION = YES;
				CLANG_WARN_OBJC_ROOT_CLASS = YES_ERROR;
				CLANG_WARN_RANGE_LOOP_ANALYSIS = YES;
				CLANG_WARN_STRICT_PROTOTYPES = YES;
				CLANG_WARN_SUSPICIOUS_MOVE = YES;
				CLANG_WARN_UNGUARDED_AVAILABILITY = YES_AGGRESSIVE;
				CLANG_WARN_UNREACHABLE_CODE = YES;
				CLANG_WARN__DUPLICATE_METHOD_MATCH = YES;
				CODE_SIGN_IDENTITY = "iPhone Developer";
				COPY_PHASE_STRIP = NO;
				DEBUG_INFORMATION_FORMAT = "dwarf-with-dsym";
				ENABLE_NS_ASSERTIONS = NO;
				ENABLE_STRICT_OBJC_MSGSEND = YES;
				GCC_C_LANGUAGE_STANDARD = gnu11;
				GCC_NO_COMMON_BLOCKS = YES;
				GCC_WARN_64_TO_32_BIT_CONVERSION = YES;
				GCC_WARN_ABOUT_RETURN_TYPE = YES_ERROR;
				GCC_WARN_UNDECLARED_SELECTOR = YES;
				GCC_WARN_UNINITIALIZED_AUTOS = YES_AGGRESSIVE;
				GCC_WARN_UNUSED_FUNCTION = YES;
				GCC_WARN_UNUSED_VARIABLE = YES;
				IPHONEOS_DEPLOYMENT_TARGET = 11.2;
				MTL_ENABLE_DEBUG_INFO = NO;
				SDKROOT = iphoneos;
				SWIFT_OPTIMIZATION_LEVEL = "-Owholemodule";
				VALIDATE_PRODUCT = YES;
			};
			name = Release;
		};
		04FC130B200A227E009EF65E /* Debug */ = {
			isa = XCBuildConfiguration;
			buildSettings = {
				ASSETCATALOG_COMPILER_APPICON_NAME = AppIcon;
				CODE_SIGN_STYLE = Automatic;
				INFOPLIST_FILE = "extensions-dance-party/Info.plist";
				LD_RUNPATH_SEARCH_PATHS = "$(inherited) @executable_path/Frameworks";
				PRODUCT_BUNDLE_IDENTIFIER = "com.example.extensions-dance-party";
				PRODUCT_NAME = "$(TARGET_NAME)";
				SWIFT_VERSION = 4.0;
				TARGETED_DEVICE_FAMILY = "1,2";
			};
			name = Debug;
		};
		04FC130C200A227E009EF65E /* Release */ = {
			isa = XCBuildConfiguration;
			buildSettings = {
				ASSETCATALOG_COMPILER_APPICON_NAME = AppIcon;
				CODE_SIGN_STYLE = Automatic;
				INFOPLIST_FILE = "extensions-dance-party/Info.plist";
				LD_RUNPATH_SEARCH_PATHS = "$(inherited) @executable_path/Frameworks";
				PRODUCT_BUNDLE_IDENTIFIER = "com.example.extensions-dance-party";
				PRODUCT_NAME = "$(TARGET_NAME)";
				SWIFT_VERSION = 4.0;
				TARGETED_DEVICE_FAMILY = "1,2";
			};
			name = Release;
		};
/* End XCBuildConfiguration section */

/* Begin XCConfigurationList section */
		04FC12F3200A227E009EF65E /* Build configuration list for PBXProject "extensions-dance-party" */ = {
			isa = XCConfigurationList;
			buildConfigurations = (
				04FC1308200A227E009EF65E /* Debug */,
				04FC1309200A227E009EF65E /* Release */,
			);
			defaultConfigurationIsVisible = 0;
			defaultConfigurationName = Release;
		};
		04FC130A200A227E009EF65E /* Build configuration list for PBXNativeTarget "extensions-dance-party" */ = {
			isa = XCConfigurationList;
			buildConfigurations = (
				04FC130B200A227E009EF65E /* Debug */,
				04FC130C200A227E009EF65E /* Release */,
			);
			defaultConfigurationIsVisible = 0;
			defaultConfigurationName = Release;
		};
/* End XCConfigurationList section */
	};
	rootObject = 04FC12F0200A227E009EF65E /* Project object */;
}
