// !$*UTF8*$!
{
	archiveVersion = 1;
	classes = {
	};
	objectVersion = 48;
	objects = {

/* Begin PBXBuildFile section */
		04FBBC0B20109F8B004222AA /* AppDelegate.swift in Sources */ = {isa = PBXBuildFile; fileRef = 04FBBC0A20109F8B004222AA /* AppDelegate.swift */; };
		04FBBC0D20109F8B004222AA /* ViewController.swift in Sources */ = {isa = PBXBuildFile; fileRef = 04FBBC0C20109F8B004222AA /* ViewController.swift */; };
		04FBBC1020109F8B004222AA /* Main.storyboard in Resources */ = {isa = PBXBuildFile; fileRef = 04FBBC0E20109F8B004222AA /* Main.storyboard */; };
		04FBBC1220109F8B004222AA /* Assets.xcassets in Resources */ = {isa = PBXBuildFile; fileRef = 04FBBC1120109F8B004222AA /* Assets.xcassets */; };
		04FBBC1520109F8B004222AA /* LaunchScreen.storyboard in Resources */ = {isa = PBXBuildFile; fileRef = 04FBBC1320109F8B004222AA /* LaunchScreen.storyboard */; };
		04FBBC1F20109F8B004222AA /* SwitchStatus.swift in Sources */ = {isa = PBXBuildFile; fileRef = 04FBBC1E20109F8B004222AA /* SwitchStatus.swift */; };
		04FBBC2120109F8B004222AA /* Togglable.swift in Sources */ = {isa = PBXBuildFile; fileRef = 04FBBC2020109F8B004222AA /* Togglable.swift */; };
/* End PBXBuildFile section */

/* Begin PBXFileReference section */
		04FBBC0720109F8B004222AA /* Eluxon.app */ = {isa = PBXFileReference; explicitFileType = wrapper.application; includeInIndex = 0; path = Eluxon.app; sourceTree = BUILT_PRODUCTS_DIR; };
		04FBBC0A20109F8B004222AA /* AppDelegate.swift */ = {isa = PBXFileReference; lastKnownFileType = sourcecode.swift; path = AppDelegate.swift; sourceTree = "<group>"; };
		04FBBC0C20109F8B004222AA /* ViewController.swift */ = {isa = PBXFileReference; lastKnownFileType = sourcecode.swift; path = ViewController.swift; sourceTree = "<group>"; };
		04FBBC0F20109F8B004222AA /* Base */ = {isa = PBXFileReference; lastKnownFileType = file.storyboard; name = Base; path = Base.lproj/Main.storyboard; sourceTree = "<group>"; };
		04FBBC1120109F8B004222AA /* Assets.xcassets */ = {isa = PBXFileReference; lastKnownFileType = folder.assetcatalog; path = Assets.xcassets; sourceTree = "<group>"; };
		04FBBC1420109F8B004222AA /* Base */ = {isa = PBXFileReference; lastKnownFileType = file.storyboard; name = Base; path = Base.lproj/LaunchScreen.storyboard; sourceTree = "<group>"; };
		04FBBC1620109F8B004222AA /* Info.plist */ = {isa = PBXFileReference; lastKnownFileType = text.plist.xml; path = Info.plist; sourceTree = "<group>"; };
		04FBBC1E20109F8B004222AA /* SwitchStatus.swift */ = {isa = PBXFileReference; lastKnownFileType = sourcecode.swift; path = SwitchStatus.swift; sourceTree = "<group>"; };
		04FBBC2020109F8B004222AA /* Togglable.swift */ = {isa = PBXFileReference; lastKnownFileType = sourcecode.swift; path = Togglable.swift; sourceTree = "<group>"; };
/* End PBXFileReference section */

/* Begin PBXFrameworksBuildPhase section */
		04FBBC0420109F8B004222AA /* Frameworks */ = {
			isa = PBXFrameworksBuildPhase;
			buildActionMask = 2147483647;
			files = (
			);
			runOnlyForDeploymentPostprocessing = 0;
		};
/* End PBXFrameworksBuildPhase section */

/* Begin PBXGroup section */
		04FBBBFE20109F8B004222AA = {
			isa = PBXGroup;
			children = (
				04FBBC0920109F8B004222AA /* Eluxon */,
				04FBBC0820109F8B004222AA /* Products */,
			);
			sourceTree = "<group>";
		};
		04FBBC0820109F8B004222AA /* Products */ = {
			isa = PBXGroup;
			children = (
				04FBBC0720109F8B004222AA /* Eluxon.app */,
			);
			name = Products;
			sourceTree = "<group>";
		};
		04FBBC0920109F8B004222AA /* Eluxon */ = {
			isa = PBXGroup;
			children = (
				04FBBC1D20109F8B004222AA /* Protocols */,
				04FBBC1C20109F8B004222AA /* Enums */,
				04FBBC0A20109F8B004222AA /* AppDelegate.swift */,
				04FBBC0C20109F8B004222AA /* ViewController.swift */,
				04FBBC0E20109F8B004222AA /* Main.storyboard */,
				04FBBC1120109F8B004222AA /* Assets.xcassets */,
				04FBBC1320109F8B004222AA /* LaunchScreen.storyboard */,
				04FBBC1620109F8B004222AA /* Info.plist */,
			);
			path = Eluxon;
			sourceTree = "<group>";
		};
		04FBBC1C20109F8B004222AA /* Enums */ = {
			isa = PBXGroup;
			children = (
				04FBBC1E20109F8B004222AA /* SwitchStatus.swift */,
			);
			path = Enums;
			sourceTree = "<group>";
		};
		04FBBC1D20109F8B004222AA /* Protocols */ = {
			isa = PBXGroup;
			children = (
				04FBBC2020109F8B004222AA /* Togglable.swift */,
			);
			path = Protocols;
			sourceTree = "<group>";
		};
/* End PBXGroup section */

/* Begin PBXNativeTarget section */
		04FBBC0620109F8B004222AA /* Eluxon */ = {
			isa = PBXNativeTarget;
			buildConfigurationList = 04FBBC1920109F8B004222AA /* Build configuration list for PBXNativeTarget "Eluxon" */;
			buildPhases = (
				04FBBC0320109F8B004222AA /* Sources */,
				04FBBC0420109F8B004222AA /* Frameworks */,
				04FBBC0520109F8B004222AA /* Resources */,
			);
			buildRules = (
			);
			dependencies = (
			);
			name = Eluxon;
			productName = Eluxon;
			productReference = 04FBBC0720109F8B004222AA /* Eluxon.app */;
			productType = "com.apple.product-type.application";
		};
/* End PBXNativeTarget section */

/* Begin PBXProject section */
		04FBBBFF20109F8B004222AA /* Project object */ = {
			isa = PBXProject;
			attributes = {
				LastSwiftUpdateCheck = 0920;
				LastUpgradeCheck = 0920;
				ORGANIZATIONNAME = "이주원";
				TargetAttributes = {
					04FBBC0620109F8B004222AA = {
						CreatedOnToolsVersion = 9.2;
						ProvisioningStyle = Automatic;
					};
				};
			};
			buildConfigurationList = 04FBBC0220109F8B004222AA /* Build configuration list for PBXProject "Eluxon" */;
			compatibilityVersion = "Xcode 8.0";
			developmentRegion = en;
			hasScannedForEncodings = 0;
			knownRegions = (
				en,
				Base,
			);
			mainGroup = 04FBBBFE20109F8B004222AA;
			productRefGroup = 04FBBC0820109F8B004222AA /* Products */;
			projectDirPath = "";
			projectRoot = "";
			targets = (
				04FBBC0620109F8B004222AA /* Eluxon */,
			);
		};
/* End PBXProject section */

/* Begin PBXResourcesBuildPhase section */
		04FBBC0520109F8B004222AA /* Resources */ = {
			isa = PBXResourcesBuildPhase;
			buildActionMask = 2147483647;
			files = (
				04FBBC1520109F8B004222AA /* LaunchScreen.storyboard in Resources */,
				04FBBC1220109F8B004222AA /* Assets.xcassets in Resources */,
				04FBBC1020109F8B004222AA /* Main.storyboard in Resources */,
			);
			runOnlyForDeploymentPostprocessing = 0;
		};
/* End PBXResourcesBuildPhase section */

/* Begin PBXSourcesBuildPhase section */
		04FBBC0320109F8B004222AA /* Sources */ = {
			isa = PBXSourcesBuildPhase;
			buildActionMask = 2147483647;
			files = (
				04FBBC0D20109F8B004222AA /* ViewController.swift in Sources */,
				04FBBC0B20109F8B004222AA /* AppDelegate.swift in Sources */,
				04FBBC1F20109F8B004222AA /* SwitchStatus.swift in Sources */,
				04FBBC2120109F8B004222AA /* Togglable.swift in Sources */,
			);
			runOnlyForDeploymentPostprocessing = 0;
		};
/* End PBXSourcesBuildPhase section */

/* Begin PBXVariantGroup section */
		04FBBC0E20109F8B004222AA /* Main.storyboard */ = {
			isa = PBXVariantGroup;
			children = (
				04FBBC0F20109F8B004222AA /* Base */,
			);
			name = Main.storyboard;
			sourceTree = "<group>";
		};
		04FBBC1320109F8B004222AA /* LaunchScreen.storyboard */ = {
			isa = PBXVariantGroup;
			children = (
				04FBBC1420109F8B004222AA /* Base */,
			);
			name = LaunchScreen.storyboard;
			sourceTree = "<group>";
		};
/* End PBXVariantGroup section */

/* Begin XCBuildConfiguration section */
		04FBBC1720109F8B004222AA /* Debug */ = {
			isa = XCBuildConfiguration;
			buildSettings = {
				ALWAYS_SEARCH_USER_PATHS = NO;
				CLANG_ANALYZER_NONNULL = YES;
				CLANG_ANALYZER_NUMBER_OBJECT_CONVERSION = YES_AGGRESSIVE;
				CLANG_CXX_LANGUAGE_STANDARD = "gnu++14";
				CLANG_CXX_LIBRARY = "libc++";
				CLANG_ENABLE_MODULES = YES;
				CLANG_ENABLE_OBJC_ARC = YES;
				CLANG_WARN_BLOCK_CAPTURE_AUTORELEASING = YES;
				CLANG_WARN_BOOL_CONVERSION = YES;
				CLANG_WARN_COMMA = YES;
				CLANG_WARN_CONSTANT_CONVERSION = YES;
				CLANG_WARN_DIRECT_OBJC_ISA_USAGE = YES_ERROR;
				CLANG_WARN_DOCUMENTATION_COMMENTS = YES;
				CLANG_WARN_EMPTY_BODY = YES;
				CLANG_WARN_ENUM_CONVERSION = YES;
				CLANG_WARN_INFINITE_RECURSION = YES;
				CLANG_WARN_INT_CONVERSION = YES;
				CLANG_WARN_NON_LITERAL_NULL_CONVERSION = YES;
				CLANG_WARN_OBJC_LITERAL_CONVERSION = YES;
				CLANG_WARN_OBJC_ROOT_CLASS = YES_ERROR;
				CLANG_WARN_RANGE_LOOP_ANALYSIS = YES;
				CLANG_WARN_STRICT_PROTOTYPES = YES;
				CLANG_WARN_SUSPICIOUS_MOVE = YES;
				CLANG_WARN_UNGUARDED_AVAILABILITY = YES_AGGRESSIVE;
				CLANG_WARN_UNREACHABLE_CODE = YES;
				CLANG_WARN__DUPLICATE_METHOD_MATCH = YES;
				CODE_SIGN_IDENTITY = "iPhone Developer";
				COPY_PHASE_STRIP = NO;
				DEBUG_INFORMATION_FORMAT = dwarf;
				ENABLE_STRICT_OBJC_MSGSEND = YES;
				ENABLE_TESTABILITY = YES;
				GCC_C_LANGUAGE_STANDARD = gnu11;
				GCC_DYNAMIC_NO_PIC = NO;
				GCC_NO_COMMON_BLOCKS = YES;
				GCC_OPTIMIZATION_LEVEL = 0;
				GCC_PREPROCESSOR_DEFINITIONS = (
					"DEBUG=1",
					"$(inherited)",
				);
				GCC_WARN_64_TO_32_BIT_CONVERSION = YES;
				GCC_WARN_ABOUT_RETURN_TYPE = YES_ERROR;
				GCC_WARN_UNDECLARED_SELECTOR = YES;
				GCC_WARN_UNINITIALIZED_AUTOS = YES_AGGRESSIVE;
				GCC_WARN_UNUSED_FUNCTION = YES;
				GCC_WARN_UNUSED_VARIABLE = YES;
				IPHONEOS_DEPLOYMENT_TARGET = 11.2;
				MTL_ENABLE_DEBUG_INFO = YES;
				ONLY_ACTIVE_ARCH = YES;
				SDKROOT = iphoneos;
				SWIFT_ACTIVE_COMPILATION_CONDITIONS = DEBUG;
				SWIFT_OPTIMIZATION_LEVEL = "-Onone";
			};
			name = Debug;
		};
		04FBBC1820109F8B004222AA /* Release */ = {
			isa = XCBuildConfiguration;
			buildSettings = {
				ALWAYS_SEARCH_USER_PATHS = NO;
				CLANG_ANALYZER_NONNULL = YES;
				CLANG_ANALYZER_NUMBER_OBJECT_CONVERSION = YES_AGGRESSIVE;
				CLANG_CXX_LANGUAGE_STANDARD = "gnu++14";
				CLANG_CXX_LIBRARY = "libc++";
				CLANG_ENABLE_MODULES = YES;
				CLANG_ENABLE_OBJC_ARC = YES;
				CLANG_WARN_BLOCK_CAPTURE_AUTORELEASING = YES;
				CLANG_WARN_BOOL_CONVERSION = YES;
				CLANG_WARN_COMMA = YES;
				CLANG_WARN_CONSTANT_CONVERSION = YES;
				CLANG_WARN_DIRECT_OBJC_ISA_USAGE = YES_ERROR;
				CLANG_WARN_DOCUMENTATION_COMMENTS = YES;
				CLANG_WARN_EMPTY_BODY = YES;
				CLANG_WARN_ENUM_CONVERSION = YES;
				CLANG_WARN_INFINITE_RECURSION = YES;
				CLANG_WARN_INT_CONVERSION = YES;
				CLANG_WARN_NON_LITERAL_NULL_CONVERSION = YES;
				CLANG_WARN_OBJC_LITERAL_CONVERSION = YES;
				CLANG_WARN_OBJC_ROOT_CLASS = YES_ERROR;
				CLANG_WARN_RANGE_LOOP_ANALYSIS = YES;
				CLANG_WARN_STRICT_PROTOTYPES = YES;
				CLANG_WARN_SUSPICIOUS_MOVE = YES;
				CLANG_WARN_UNGUARDED_AVAILABILITY = YES_AGGRESSIVE;
				CLANG_WARN_UNREACHABLE_CODE = YES;
				CLANG_WARN__DUPLICATE_METHOD_MATCH = YES;
				CODE_SIGN_IDENTITY = "iPhone Developer";
				COPY_PHASE_STRIP = NO;
				DEBUG_INFORMATION_FORMAT = "dwarf-with-dsym";
				ENABLE_NS_ASSERTIONS = NO;
				ENABLE_STRICT_OBJC_MSGSEND = YES;
				GCC_C_LANGUAGE_STANDARD = gnu11;
				GCC_NO_COMMON_BLOCKS = YES;
				GCC_WARN_64_TO_32_BIT_CONVERSION = YES;
				GCC_WARN_ABOUT_RETURN_TYPE = YES_ERROR;
				GCC_WARN_UNDECLARED_SELECTOR = YES;
				GCC_WARN_UNINITIALIZED_AUTOS = YES_AGGRESSIVE;
				GCC_WARN_UNUSED_FUNCTION = YES;
				GCC_WARN_UNUSED_VARIABLE = YES;
				IPHONEOS_DEPLOYMENT_TARGET = 11.2;
				MTL_ENABLE_DEBUG_INFO = NO;
				SDKROOT = iphoneos;
				SWIFT_OPTIMIZATION_LEVEL = "-Owholemodule";
				VALIDATE_PRODUCT = YES;
			};
			name = Release;
		};
		04FBBC1A20109F8B004222AA /* Debug */ = {
			isa = XCBuildConfiguration;
			buildSettings = {
				ASSETCATALOG_COMPILER_APPICON_NAME = AppIcon;
				CODE_SIGN_STYLE = Automatic;
				INFOPLIST_FILE = Eluxon/Info.plist;
				LD_RUNPATH_SEARCH_PATHS = "$(inherited) @executable_path/Frameworks";
				PRODUCT_BUNDLE_IDENTIFIER = com.example.Eluxon;
				PRODUCT_NAME = "$(TARGET_NAME)";
				SWIFT_VERSION = 4.0;
				TARGETED_DEVICE_FAMILY = "1,2";
			};
			name = Debug;
		};
		04FBBC1B20109F8B004222AA /* Release */ = {
			isa = XCBuildConfiguration;
			buildSettings = {
				ASSETCATALOG_COMPILER_APPICON_NAME = AppIcon;
				CODE_SIGN_STYLE = Automatic;
				INFOPLIST_FILE = Eluxon/Info.plist;
				LD_RUNPATH_SEARCH_PATHS = "$(inherited) @executable_path/Frameworks";
				PRODUCT_BUNDLE_IDENTIFIER = com.example.Eluxon;
				PRODUCT_NAME = "$(TARGET_NAME)";
				SWIFT_VERSION = 4.0;
				TARGETED_DEVICE_FAMILY = "1,2";
			};
			name = Release;
		};
/* End XCBuildConfiguration section */

/* Begin XCConfigurationList section */
		04FBBC0220109F8B004222AA /* Build configuration list for PBXProject "Eluxon" */ = {
			isa = XCConfigurationList;
			buildConfigurations = (
				04FBBC1720109F8B004222AA /* Debug */,
				04FBBC1820109F8B004222AA /* Release */,
			);
			defaultConfigurationIsVisible = 0;
			defaultConfigurationName = Release;
		};
		04FBBC1920109F8B004222AA /* Build configuration list for PBXNativeTarget "Eluxon" */ = {
			isa = XCConfigurationList;
			buildConfigurations = (
				04FBBC1A20109F8B004222AA /* Debug */,
				04FBBC1B20109F8B004222AA /* Release */,
			);
			defaultConfigurationIsVisible = 0;
			defaultConfigurationName = Release;
		};
/* End XCConfigurationList section */
	};
	rootObject = 04FBBBFF20109F8B004222AA /* Project object */;
}
